// !$*UTF8*$!
{
	archiveVersion = 1;
	classes = {
	};
	objectVersion = 46;
	objects = {

/* Begin PBXBuildFile section */
		9A2E6CFC1D62222D006C3A84 /* example.m in Sources */ = {isa = PBXBuildFile; fileRef = 9A2E6CF91D62222D006C3A84 /* example.m */; };
		9A2E6CFD1D62222D006C3A84 /* NSData+CommonCrypto.m in Sources */ = {isa = PBXBuildFile; fileRef = 9A2E6CFB1D62222D006C3A84 /* NSData+CommonCrypto.m */; };
		9A4544571D58A9440033CE07 /* Api_Issues.rtf in Resources */ = {isa = PBXBuildFile; fileRef = 9A4544561D58A9440033CE07 /* Api_Issues.rtf */; };
		9A53F88E1D507C57004BC04A /* IPAddress.m in Sources */ = {isa = PBXBuildFile; fileRef = 9A53F88D1D507C57004BC04A /* IPAddress.m */; };
		9A53F8911D507DDD004BC04A /* PortMapper.m in Sources */ = {isa = PBXBuildFile; fileRef = 9A53F8901D507DDD004BC04A /* PortMapper.m */; };
		9A53F8971D5080FF004BC04A /* GCDAsyncUdpSocket.m in Sources */ = {isa = PBXBuildFile; fileRef = 9A53F8941D5080FF004BC04A /* GCDAsyncUdpSocket.m */; settings = {COMPILER_FLAGS = "-fno-objc-arc"; }; };
		9A53F8981D5080FF004BC04A /* STUNClient.m in Sources */ = {isa = PBXBuildFile; fileRef = 9A53F8961D5080FF004BC04A /* STUNClient.m */; settings = {COMPILER_FLAGS = "-fno-objc-arc"; }; };
		9A75BEA91D47C12000473546 /* AppDelegate.m in Sources */ = {isa = PBXBuildFile; fileRef = 9A75BEA81D47C12000473546 /* AppDelegate.m */; };
		9A75BEAC1D47C12000473546 /* main.m in Sources */ = {isa = PBXBuildFile; fileRef = 9A75BEAB1D47C12000473546 /* main.m */; };
		9A75BEAE1D47C12000473546 /* Assets.xcassets in Resources */ = {isa = PBXBuildFile; fileRef = 9A75BEAD1D47C12000473546 /* Assets.xcassets */; };
		9A75BEB11D47C12000473546 /* MainMenu.xib in Resources */ = {isa = PBXBuildFile; fileRef = 9A75BEAF1D47C12000473546 /* MainMenu.xib */; };
		9A75BEC11D47C12F00473546 /* CBCommonApiManager.m in Sources */ = {isa = PBXBuildFile; fileRef = 9A75BEBA1D47C12F00473546 /* CBCommonApiManager.m */; };
		9A75BEC21D47C12F00473546 /* CBDeviceAssociation.m in Sources */ = {isa = PBXBuildFile; fileRef = 9A75BEBC1D47C12F00473546 /* CBDeviceAssociation.m */; };
		9A75BEC31D47C12F00473546 /* CBOrder.m in Sources */ = {isa = PBXBuildFile; fileRef = 9A75BEBE1D47C12F00473546 /* CBOrder.m */; };
		9A75BEC41D47C12F00473546 /* CBUser.m in Sources */ = {isa = PBXBuildFile; fileRef = 9A75BEC01D47C12F00473546 /* CBUser.m */; };
/* End PBXBuildFile section */

/* Begin PBXFileReference section */
		9A2E6CF91D62222D006C3A84 /* example.m */ = {isa = PBXFileReference; fileEncoding = 4; lastKnownFileType = sourcecode.c.objc; path = example.m; sourceTree = "<group>"; };
		9A2E6CFA1D62222D006C3A84 /* NSData+CommonCrypto.h */ = {isa = PBXFileReference; fileEncoding = 4; lastKnownFileType = sourcecode.c.h; path = "NSData+CommonCrypto.h"; sourceTree = "<group>"; };
		9A2E6CFB1D62222D006C3A84 /* NSData+CommonCrypto.m */ = {isa = PBXFileReference; fileEncoding = 4; lastKnownFileType = sourcecode.c.objc; path = "NSData+CommonCrypto.m"; sourceTree = "<group>"; };
		9A4544561D58A9440033CE07 /* Api_Issues.rtf */ = {isa = PBXFileReference; fileEncoding = 4; lastKnownFileType = text.rtf; path = Api_Issues.rtf; sourceTree = "<group>"; };
		9A53F88C1D507C57004BC04A /* IPAddress.h */ = {isa = PBXFileReference; fileEncoding = 4; lastKnownFileType = sourcecode.c.h; path = IPAddress.h; sourceTree = "<group>"; };
		9A53F88D1D507C57004BC04A /* IPAddress.m */ = {isa = PBXFileReference; fileEncoding = 4; lastKnownFileType = sourcecode.c.objc; path = IPAddress.m; sourceTree = "<group>"; };
		9A53F88F1D507DDD004BC04A /* PortMapper.h */ = {isa = PBXFileReference; fileEncoding = 4; lastKnownFileType = sourcecode.c.h; path = PortMapper.h; sourceTree = "<group>"; };
		9A53F8901D507DDD004BC04A /* PortMapper.m */ = {isa = PBXFileReference; fileEncoding = 4; lastKnownFileType = sourcecode.c.objc; path = PortMapper.m; sourceTree = "<group>"; };
		9A53F8931D5080FF004BC04A /* GCDAsyncUdpSocket.h */ = {isa = PBXFileReference; fileEncoding = 4; lastKnownFileType = sourcecode.c.h; path = GCDAsyncUdpSocket.h; sourceTree = "<group>"; };
		9A53F8941D5080FF004BC04A /* GCDAsyncUdpSocket.m */ = {isa = PBXFileReference; fileEncoding = 4; lastKnownFileType = sourcecode.c.objc; path = GCDAsyncUdpSocket.m; sourceTree = "<group>"; };
		9A53F8951D5080FF004BC04A /* STUNClient.h */ = {isa = PBXFileReference; fileEncoding = 4; lastKnownFileType = sourcecode.c.h; path = STUNClient.h; sourceTree = "<group>"; };
		9A53F8961D5080FF004BC04A /* STUNClient.m */ = {isa = PBXFileReference; fileEncoding = 4; lastKnownFileType = sourcecode.c.objc; path = STUNClient.m; sourceTree = "<group>"; };
		9A75BEA41D47C12000473546 /* Sample Tracking.app */ = {isa = PBXFileReference; explicitFileType = wrapper.application; includeInIndex = 0; path = "Sample Tracking.app"; sourceTree = BUILT_PRODUCTS_DIR; };
		9A75BEA71D47C12000473546 /* AppDelegate.h */ = {isa = PBXFileReference; lastKnownFileType = sourcecode.c.h; path = AppDelegate.h; sourceTree = "<group>"; };
		9A75BEA81D47C12000473546 /* AppDelegate.m */ = {isa = PBXFileReference; lastKnownFileType = sourcecode.c.objc; path = AppDelegate.m; sourceTree = "<group>"; };
		9A75BEAB1D47C12000473546 /* main.m */ = {isa = PBXFileReference; lastKnownFileType = sourcecode.c.objc; path = main.m; sourceTree = "<group>"; };
		9A75BEAD1D47C12000473546 /* Assets.xcassets */ = {isa = PBXFileReference; lastKnownFileType = folder.assetcatalog; path = Assets.xcassets; sourceTree = "<group>"; };
		9A75BEB01D47C12000473546 /* Base */ = {isa = PBXFileReference; lastKnownFileType = file.xib; name = Base; path = Base.lproj/MainMenu.xib; sourceTree = "<group>"; };
		9A75BEB21D47C12000473546 /* Info.plist */ = {isa = PBXFileReference; lastKnownFileType = text.plist.xml; path = Info.plist; sourceTree = "<group>"; };
		9A75BEB91D47C12F00473546 /* CBCommonApiManager.h */ = {isa = PBXFileReference; fileEncoding = 4; lastKnownFileType = sourcecode.c.h; path = CBCommonApiManager.h; sourceTree = "<group>"; };
		9A75BEBA1D47C12F00473546 /* CBCommonApiManager.m */ = {isa = PBXFileReference; fileEncoding = 4; lastKnownFileType = sourcecode.c.objc; path = CBCommonApiManager.m; sourceTree = "<group>"; };
		9A75BEBB1D47C12F00473546 /* CBDeviceAssociation.h */ = {isa = PBXFileReference; fileEncoding = 4; lastKnownFileType = sourcecode.c.h; path = CBDeviceAssociation.h; sourceTree = "<group>"; };
		9A75BEBC1D47C12F00473546 /* CBDeviceAssociation.m */ = {isa = PBXFileReference; fileEncoding = 4; lastKnownFileType = sourcecode.c.objc; path = CBDeviceAssociation.m; sourceTree = "<group>"; };
		9A75BEBD1D47C12F00473546 /* CBOrder.h */ = {isa = PBXFileReference; fileEncoding = 4; lastKnownFileType = sourcecode.c.h; path = CBOrder.h; sourceTree = "<group>"; };
		9A75BEBE1D47C12F00473546 /* CBOrder.m */ = {isa = PBXFileReference; fileEncoding = 4; lastKnownFileType = sourcecode.c.objc; path = CBOrder.m; sourceTree = "<group>"; };
		9A75BEBF1D47C12F00473546 /* CBUser.h */ = {isa = PBXFileReference; fileEncoding = 4; lastKnownFileType = sourcecode.c.h; path = CBUser.h; sourceTree = "<group>"; };
		9A75BEC01D47C12F00473546 /* CBUser.m */ = {isa = PBXFileReference; fileEncoding = 4; lastKnownFileType = sourcecode.c.objc; path = CBUser.m; sourceTree = "<group>"; };
/* End PBXFileReference section */

/* Begin PBXFrameworksBuildPhase section */
		9A75BEA11D47C12000473546 /* Frameworks */ = {
			isa = PBXFrameworksBuildPhase;
			buildActionMask = 2147483647;
			files = (
			);
			runOnlyForDeploymentPostprocessing = 0;
		};
/* End PBXFrameworksBuildPhase section */

/* Begin PBXGroup section */
		9A2E6CF81D62222D006C3A84 /* CommonCrypto */ = {
			isa = PBXGroup;
			children = (
				9A2E6CF91D62222D006C3A84 /* example.m */,
				9A2E6CFA1D62222D006C3A84 /* NSData+CommonCrypto.h */,
				9A2E6CFB1D62222D006C3A84 /* NSData+CommonCrypto.m */,
			);
			path = CommonCrypto;
			sourceTree = "<group>";
		};
		9A53F8921D5080FF004BC04A /* Stunt */ = {
			isa = PBXGroup;
			children = (
				9A53F8931D5080FF004BC04A /* GCDAsyncUdpSocket.h */,
				9A53F8941D5080FF004BC04A /* GCDAsyncUdpSocket.m */,
				9A53F8951D5080FF004BC04A /* STUNClient.h */,
				9A53F8961D5080FF004BC04A /* STUNClient.m */,
			);
			path = Stunt;
			sourceTree = "<group>";
		};
		9A75BE9B1D47C12000473546 = {
			isa = PBXGroup;
			children = (
				9A75BEB81D47C12F00473546 /* Tracking and PAyments APi Classes */,
				9A75BEA61D47C12000473546 /* Sample Tracking */,
				9A75BEA51D47C12000473546 /* Products */,
			);
			sourceTree = "<group>";
		};
		9A75BEA51D47C12000473546 /* Products */ = {
			isa = PBXGroup;
			children = (
				9A75BEA41D47C12000473546 /* Sample Tracking.app */,
			);
			name = Products;
			sourceTree = "<group>";
		};
		9A75BEA61D47C12000473546 /* Sample Tracking */ = {
			isa = PBXGroup;
			children = (
				9A53F8921D5080FF004BC04A /* Stunt */,
				9A75BEA71D47C12000473546 /* AppDelegate.h */,
				9A75BEA81D47C12000473546 /* AppDelegate.m */,
				9A53F88F1D507DDD004BC04A /* PortMapper.h */,
				9A53F8901D507DDD004BC04A /* PortMapper.m */,
				9A53F88C1D507C57004BC04A /* IPAddress.h */,
				9A53F88D1D507C57004BC04A /* IPAddress.m */,
				9A4544561D58A9440033CE07 /* Api_Issues.rtf */,
				9A75BEAD1D47C12000473546 /* Assets.xcassets */,
				9A75BEAF1D47C12000473546 /* MainMenu.xib */,
				9A75BEB21D47C12000473546 /* Info.plist */,
				9A75BEAA1D47C12000473546 /* Supporting Files */,
			);
			path = "Sample Tracking";
			sourceTree = "<group>";
		};
		9A75BEAA1D47C12000473546 /* Supporting Files */ = {
			isa = PBXGroup;
			children = (
				9A75BEAB1D47C12000473546 /* main.m */,
			);
			name = "Supporting Files";
			sourceTree = "<group>";
		};
		9A75BEB81D47C12F00473546 /* Tracking and PAyments APi Classes */ = {
			isa = PBXGroup;
			children = (
				9A2E6CF81D62222D006C3A84 /* CommonCrypto */,
				9A75BEB91D47C12F00473546 /* CBCommonApiManager.h */,
				9A75BEBA1D47C12F00473546 /* CBCommonApiManager.m */,
				9A75BEBB1D47C12F00473546 /* CBDeviceAssociation.h */,
				9A75BEBC1D47C12F00473546 /* CBDeviceAssociation.m */,
				9A75BEBD1D47C12F00473546 /* CBOrder.h */,
				9A75BEBE1D47C12F00473546 /* CBOrder.m */,
				9A75BEBF1D47C12F00473546 /* CBUser.h */,
				9A75BEC01D47C12F00473546 /* CBUser.m */,
			);
			name = "Tracking and PAyments APi Classes";
			path = "Sample Tracking/Tracking and PAyments APi Classes";
			sourceTree = "<group>";
		};
/* End PBXGroup section */

/* Begin PBXNativeTarget section */
		9A75BEA31D47C12000473546 /* Sample Tracking */ = {
			isa = PBXNativeTarget;
			buildConfigurationList = 9A75BEB51D47C12000473546 /* Build configuration list for PBXNativeTarget "Sample Tracking" */;
			buildPhases = (
				9A75BEA01D47C12000473546 /* Sources */,
				9A75BEA11D47C12000473546 /* Frameworks */,
				9A75BEA21D47C12000473546 /* Resources */,
			);
			buildRules = (
			);
			dependencies = (
			);
			name = "Sample Tracking";
			productName = "Sample Tracking";
			productReference = 9A75BEA41D47C12000473546 /* Sample Tracking.app */;
			productType = "com.apple.product-type.application";
		};
/* End PBXNativeTarget section */

/* Begin PBXProject section */
		9A75BE9C1D47C12000473546 /* Project object */ = {
			isa = PBXProject;
			attributes = {
				LastUpgradeCheck = 0730;
				ORGANIZATIONNAME = "Satendra Singh";
				TargetAttributes = {
					9A75BEA31D47C12000473546 = {
						CreatedOnToolsVersion = 7.3.1;
					};
				};
			};
			buildConfigurationList = 9A75BE9F1D47C12000473546 /* Build configuration list for PBXProject "Sample Tracking" */;
			compatibilityVersion = "Xcode 3.2";
			developmentRegion = English;
			hasScannedForEncodings = 0;
			knownRegions = (
				en,
				Base,
			);
			mainGroup = 9A75BE9B1D47C12000473546;
			productRefGroup = 9A75BEA51D47C12000473546 /* Products */;
			projectDirPath = "";
			projectRoot = "";
			targets = (
				9A75BEA31D47C12000473546 /* Sample Tracking */,
			);
		};
/* End PBXProject section */

/* Begin PBXResourcesBuildPhase section */
		9A75BEA21D47C12000473546 /* Resources */ = {
			isa = PBXResourcesBuildPhase;
			buildActionMask = 2147483647;
			files = (
				9A75BEAE1D47C12000473546 /* Assets.xcassets in Resources */,
				9A4544571D58A9440033CE07 /* Api_Issues.rtf in Resources */,
				9A75BEB11D47C12000473546 /* MainMenu.xib in Resources */,
			);
			runOnlyForDeploymentPostprocessing = 0;
		};
/* End PBXResourcesBuildPhase section */

/* Begin PBXSourcesBuildPhase section */
		9A75BEA01D47C12000473546 /* Sources */ = {
			isa = PBXSourcesBuildPhase;
			buildActionMask = 2147483647;
			files = (
				9A2E6CFC1D62222D006C3A84 /* example.m in Sources */,
				9A53F8981D5080FF004BC04A /* STUNClient.m in Sources */,
				9A75BEAC1D47C12000473546 /* main.m in Sources */,
				9A53F8971D5080FF004BC04A /* GCDAsyncUdpSocket.m in Sources */,
				9A53F8911D507DDD004BC04A /* PortMapper.m in Sources */,
				9A75BEC41D47C12F00473546 /* CBUser.m in Sources */,
				9A75BEA91D47C12000473546 /* AppDelegate.m in Sources */,
				9A53F88E1D507C57004BC04A /* IPAddress.m in Sources */,
				9A2E6CFD1D62222D006C3A84 /* NSData+CommonCrypto.m in Sources */,
				9A75BEC31D47C12F00473546 /* CBOrder.m in Sources */,
				9A75BEC21D47C12F00473546 /* CBDeviceAssociation.m in Sources */,
				9A75BEC11D47C12F00473546 /* CBCommonApiManager.m in Sources */,
			);
			runOnlyForDeploymentPostprocessing = 0;
		};
/* End PBXSourcesBuildPhase section */

/* Begin PBXVariantGroup section */
		9A75BEAF1D47C12000473546 /* MainMenu.xib */ = {
			isa = PBXVariantGroup;
			children = (
				9A75BEB01D47C12000473546 /* Base */,
			);
			name = MainMenu.xib;
			sourceTree = "<group>";
		};
/* End PBXVariantGroup section */

/* Begin XCBuildConfiguration section */
		9A75BEB31D47C12000473546 /* Debug */ = {
			isa = XCBuildConfiguration;
			buildSettings = {
				ALWAYS_SEARCH_USER_PATHS = NO;
				CLANG_ANALYZER_NONNULL = YES;
				CLANG_CXX_LANGUAGE_STANDARD = "gnu++0x";
				CLANG_CXX_LIBRARY = "libc++";
				CLANG_ENABLE_MODULES = YES;
				CLANG_ENABLE_OBJC_ARC = YES;
				CLANG_WARN_BOOL_CONVERSION = YES;
				CLANG_WARN_CONSTANT_CONVERSION = YES;
				CLANG_WARN_DIRECT_OBJC_ISA_USAGE = YES_ERROR;
				CLANG_WARN_EMPTY_BODY = YES;
				CLANG_WARN_ENUM_CONVERSION = YES;
				CLANG_WARN_INT_CONVERSION = YES;
				CLANG_WARN_OBJC_ROOT_CLASS = YES_ERROR;
				CLANG_WARN_UNREACHABLE_CODE = YES;
				CLANG_WARN__DUPLICATE_METHOD_MATCH = YES;
				CODE_SIGN_IDENTITY = "-";
				COPY_PHASE_STRIP = NO;
				DEBUG_INFORMATION_FORMAT = dwarf;
				ENABLE_STRICT_OBJC_MSGSEND = YES;
				ENABLE_TESTABILITY = YES;
				GCC_C_LANGUAGE_STANDARD = gnu99;
				GCC_DYNAMIC_NO_PIC = NO;
				GCC_NO_COMMON_BLOCKS = YES;
				GCC_OPTIMIZATION_LEVEL = 0;
				GCC_PREPROCESSOR_DEFINITIONS = (
					"DEBUG=1",
					"$(inherited)",
				);
				GCC_WARN_64_TO_32_BIT_CONVERSION = YES;
				GCC_WARN_ABOUT_RETURN_TYPE = YES_ERROR;
				GCC_WARN_UNDECLARED_SELECTOR = YES;
				GCC_WARN_UNINITIALIZED_AUTOS = YES_AGGRESSIVE;
				GCC_WARN_UNUSED_FUNCTION = YES;
				GCC_WARN_UNUSED_VARIABLE = YES;
				MACOSX_DEPLOYMENT_TARGET = 10.11;
				MTL_ENABLE_DEBUG_INFO = YES;
				ONLY_ACTIVE_ARCH = YES;
				SDKROOT = macosx;
			};
			name = Debug;
		};
		9A75BEB41D47C12000473546 /* Release */ = {
			isa = XCBuildConfiguration;
			buildSettings = {
				ALWAYS_SEARCH_USER_PATHS = NO;
				CLANG_ANALYZER_NONNULL = YES;
				CLANG_CXX_LANGUAGE_STANDARD = "gnu++0x";
				CLANG_CXX_LIBRARY = "libc++";
				CLANG_ENABLE_MODULES = YES;
				CLANG_ENABLE_OBJC_ARC = YES;
				CLANG_WARN_BOOL_CONVERSION = YES;
				CLANG_WARN_CONSTANT_CONVERSION = YES;
				CLANG_WARN_DIRECT_OBJC_ISA_USAGE = YES_ERROR;
				CLANG_WARN_EMPTY_BODY = YES;
				CLANG_WARN_ENUM_CONVERSION = YES;
				CLANG_WARN_INT_CONVERSION = YES;
				CLANG_WARN_OBJC_ROOT_CLASS = YES_ERROR;
				CLANG_WARN_UNREACHABLE_CODE = YES;
				CLANG_WARN__DUPLICATE_METHOD_MATCH = YES;
				CODE_SIGN_IDENTITY = "-";
				COPY_PHASE_STRIP = NO;
				DEBUG_INFORMATION_FORMAT = "dwarf-with-dsym";
				ENABLE_NS_ASSERTIONS = NO;
				ENABLE_STRICT_OBJC_MSGSEND = YES;
				GCC_C_LANGUAGE_STANDARD = gnu99;
				GCC_NO_COMMON_BLOCKS = YES;
				GCC_WARN_64_TO_32_BIT_CONVERSION = YES;
				GCC_WARN_ABOUT_RETURN_TYPE = YES_ERROR;
				GCC_WARN_UNDECLARED_SELECTOR = YES;
				GCC_WARN_UNINITIALIZED_AUTOS = YES_AGGRESSIVE;
				GCC_WARN_UNUSED_FUNCTION = YES;
				GCC_WARN_UNUSED_VARIABLE = YES;
				MACOSX_DEPLOYMENT_TARGET = 10.11;
				MTL_ENABLE_DEBUG_INFO = NO;
				SDKROOT = macosx;
			};
			name = Release;
		};
		9A75BEB61D47C12000473546 /* Debug */ = {
			isa = XCBuildConfiguration;
			buildSettings = {
				ASSETCATALOG_COMPILER_APPICON_NAME = AppIcon;
				COMBINE_HIDPI_IMAGES = YES;
				INFOPLIST_FILE = "Sample Tracking/Info.plist";
				LD_RUNPATH_SEARCH_PATHS = "$(inherited) @executable_path/../Frameworks";
				PRODUCT_BUNDLE_IDENTIFIER = "com.corebits.Sample-Tracking";
				PRODUCT_NAME = "$(TARGET_NAME)";
			};
			name = Debug;
		};
		9A75BEB71D47C12000473546 /* Release */ = {
			isa = XCBuildConfiguration;
			buildSettings = {
				ASSETCATALOG_COMPILER_APPICON_NAME = AppIcon;
				COMBINE_HIDPI_IMAGES = YES;
				INFOPLIST_FILE = "Sample Tracking/Info.plist";
				LD_RUNPATH_SEARCH_PATHS = "$(inherited) @executable_path/../Frameworks";
				PRODUCT_BUNDLE_IDENTIFIER = "com.corebits.Sample-Tracking";
				PRODUCT_NAME = "$(TARGET_NAME)";
			};
			name = Release;
		};
/* End XCBuildConfiguration section */

/* Begin XCConfigurationList section */
		9A75BE9F1D47C12000473546 /* Build configuration list for PBXProject "Sample Tracking" */ = {
			isa = XCConfigurationList;
			buildConfigurations = (
				9A75BEB31D47C12000473546 /* Debug */,
				9A75BEB41D47C12000473546 /* Release */,
			);
			defaultConfigurationIsVisible = 0;
			defaultConfigurationName = Release;
		};
		9A75BEB51D47C12000473546 /* Build configuration list for PBXNativeTarget "Sample Tracking" */ = {
			isa = XCConfigurationList;
			buildConfigurations = (
				9A75BEB61D47C12000473546 /* Debug */,
				9A75BEB71D47C12000473546 /* Release */,
			);
			defaultConfigurationIsVisible = 0;
			defaultConfigurationName = Release;
		};
/* End XCConfigurationList section */
	};
	rootObject = 9A75BE9C1D47C12000473546 /* Project object */;
}
